
Microsoft Visual Studio Solution File, Format Version 12.00
# Visual Studio 15
VisualStudioVersion = 15.0.28010.2046
MinimumVisualStudioVersion = 10.0.40219.1
Project("{FAE04EC0-301F-11D3-BF4B-00C04F79EFBC}") = "classicGarage_API", "classicGarage_API\classicGarage_API.csproj", "{AC23DF2E-F151-40FB-AE8C-36B00FAACBBA}"
EndProject
Global
	GlobalSection(SolutionConfigurationPlatforms) = preSolution
		Debug|Any CPU = Debug|Any CPU
		Release|Any CPU = Release|Any CPU
	EndGlobalSection
	GlobalSection(ProjectConfigurationPlatforms) = postSolution
		{AC23DF2E-F151-40FB-AE8C-36B00FAACBBA}.Debug|Any CPU.ActiveCfg = Debug|Any CPU
		{AC23DF2E-F151-40FB-AE8C-36B00FAACBBA}.Debug|Any CPU.Build.0 = Debug|Any CPU
		{AC23DF2E-F151-40FB-AE8C-36B00FAACBBA}.Release|Any CPU.ActiveCfg = Release|Any CPU
		{AC23DF2E-F151-40FB-AE8C-36B00FAACBBA}.Release|Any CPU.Build.0 = Release|Any CPU
	EndGlobalSection
	GlobalSection(SolutionProperties) = preSolution
		HideSolutionNode = FALSE
	EndGlobalSection
	GlobalSection(ExtensibilityGlobals) = postSolution
		SolutionGuid = {104C78FC-F9EA-4677-AE94-10E614CD9935}
	EndGlobalSection
EndGlobal
